
Microsoft Visual Studio Solution File, Format Version 12.00
# Visual Studio Version 17
VisualStudioVersion = 17.6.33723.286
MinimumVisualStudioVersion = 10.0.40219.1
Project("{FAE04EC0-301F-11D3-BF4B-00C04F79EFBC}") = "Download.File", "Download.File\Download.File.csproj", "{E45DDFE7-BEDA-4E9C-964A-A2AD6929B2CB}"
EndProject
Global
	GlobalSection(SolutionConfigurationPlatforms) = preSolution
		Debug|Any CPU = Debug|Any CPU
		Release|Any CPU = Release|Any CPU
	EndGlobalSection
	GlobalSection(ProjectConfigurationPlatforms) = postSolution
		{E45DDFE7-BEDA-4E9C-964A-A2AD6929B2CB}.Debug|Any CPU.ActiveCfg = Debug|Any CPU
		{E45DDFE7-BEDA-4E9C-964A-A2AD6929B2CB}.Debug|Any CPU.Build.0 = Debug|Any CPU
		{E45DDFE7-BEDA-4E9C-964A-A2AD6929B2CB}.Release|Any CPU.ActiveCfg = Release|Any CPU
		{E45DDFE7-BEDA-4E9C-964A-A2AD6929B2CB}.Release|Any CPU.Build.0 = Release|Any CPU
	EndGlobalSection
	GlobalSection(SolutionProperties) = preSolution
		HideSolutionNode = FALSE
	EndGlobalSection
	GlobalSection(ExtensibilityGlobals) = postSolution
		SolutionGuid = {E0F7595E-E86C-437D-B137-38C5302AB773}
	EndGlobalSection
EndGlobal
